
Microsoft Visual Studio Solution File, Format Version 12.00
# Visual Studio Version 17
VisualStudioVersion = 17.9.34723.18
MinimumVisualStudioVersion = 10.0.40219.1
Project("{FAE04EC0-301F-11D3-BF4B-00C04F79EFBC}") = "Escala.Api", "Escala.Api\Escala.Api.csproj", "{6C87D8E2-09FD-44EB-A3A7-B52573766AD8}"
EndProject
Project("{54A90642-561A-4BB1-A94E-469ADEE60C69}") = "escala.FrontEnd", "escala.FrontEnd\escala.FrontEnd.esproj", "{1B0693B7-57B9-4059-BF26-D27A8690AC2B}"
EndProject
Project("{FAE04EC0-301F-11D3-BF4B-00C04F79EFBC}") = "Escala.DataBase", "Escala.DataBase\Escala.DataBase.csproj", "{E78B27EB-48BD-40BE-8F36-EEBD29FC6F58}"
EndProject
Project("{2150E333-8FDC-42A3-9474-1A3956D46DE8}") = "Solution Items", "Solution Items", "{0FAAC1C7-C571-4653-8193-BAC13F5E665B}"
	ProjectSection(SolutionItems) = preProject
		docker-compose.yml = docker-compose.yml
	EndProjectSection
EndProject
Global
	GlobalSection(SolutionConfigurationPlatforms) = preSolution
		Debug|Any CPU = Debug|Any CPU
		Release|Any CPU = Release|Any CPU
	EndGlobalSection
	GlobalSection(ProjectConfigurationPlatforms) = postSolution
		{6C87D8E2-09FD-44EB-A3A7-B52573766AD8}.Debug|Any CPU.ActiveCfg = Debug|Any CPU
		{6C87D8E2-09FD-44EB-A3A7-B52573766AD8}.Debug|Any CPU.Build.0 = Debug|Any CPU
		{6C87D8E2-09FD-44EB-A3A7-B52573766AD8}.Release|Any CPU.ActiveCfg = Release|Any CPU
		{6C87D8E2-09FD-44EB-A3A7-B52573766AD8}.Release|Any CPU.Build.0 = Release|Any CPU
		{1B0693B7-57B9-4059-BF26-D27A8690AC2B}.Debug|Any CPU.ActiveCfg = Debug|Any CPU
		{1B0693B7-57B9-4059-BF26-D27A8690AC2B}.Debug|Any CPU.Build.0 = Debug|Any CPU
		{1B0693B7-57B9-4059-BF26-D27A8690AC2B}.Debug|Any CPU.Deploy.0 = Debug|Any CPU
		{1B0693B7-57B9-4059-BF26-D27A8690AC2B}.Release|Any CPU.ActiveCfg = Release|Any CPU
		{1B0693B7-57B9-4059-BF26-D27A8690AC2B}.Release|Any CPU.Build.0 = Release|Any CPU
		{1B0693B7-57B9-4059-BF26-D27A8690AC2B}.Release|Any CPU.Deploy.0 = Release|Any CPU
		{E78B27EB-48BD-40BE-8F36-EEBD29FC6F58}.Debug|Any CPU.ActiveCfg = Debug|Any CPU
		{E78B27EB-48BD-40BE-8F36-EEBD29FC6F58}.Debug|Any CPU.Build.0 = Debug|Any CPU
		{E78B27EB-48BD-40BE-8F36-EEBD29FC6F58}.Release|Any CPU.ActiveCfg = Release|Any CPU
		{E78B27EB-48BD-40BE-8F36-EEBD29FC6F58}.Release|Any CPU.Build.0 = Release|Any CPU
	EndGlobalSection
	GlobalSection(SolutionProperties) = preSolution
		HideSolutionNode = FALSE
	EndGlobalSection
	GlobalSection(ExtensibilityGlobals) = postSolution
		SolutionGuid = {8207C7D6-95B4-4351-A08D-2A38EC15BC5B}
	EndGlobalSection
EndGlobal
